
Microsoft Visual Studio Solution File, Format Version 12.00
# Visual Studio Express 2012 for Windows Desktop
Project("{FAE04EC0-301F-11D3-BF4B-00C04F79EFBC}") = "BuySellCommand", "BuySellCommand\BuySellCommand.csproj", "{B32B1BAB-5546-40E1-8C05-3018FC915ABF}"
EndProject
Global
	GlobalSection(SolutionConfigurationPlatforms) = preSolution
		Debug|Any CPU = Debug|Any CPU
		Release|Any CPU = Release|Any CPU
	EndGlobalSection
	GlobalSection(ProjectConfigurationPlatforms) = postSolution
		{B32B1BAB-5546-40E1-8C05-3018FC915ABF}.Debug|Any CPU.ActiveCfg = Debug|Any CPU
		{B32B1BAB-5546-40E1-8C05-3018FC915ABF}.Debug|Any CPU.Build.0 = Debug|Any CPU
		{B32B1BAB-5546-40E1-8C05-3018FC915ABF}.Release|Any CPU.ActiveCfg = Release|Any CPU
		{B32B1BAB-5546-40E1-8C05-3018FC915ABF}.Release|Any CPU.Build.0 = Release|Any CPU
	EndGlobalSection
	GlobalSection(SolutionProperties) = preSolution
		HideSolutionNode = FALSE
	EndGlobalSection
EndGlobal
